// !$*UTF8*$!
{
	archiveVersion = 1;
	classes = {
	};
	objectVersion = 50;
	objects = {

/* Begin PBXBuildFile section */
		3D0886952544795300E00481 /* NewRollEntryOptionViewModel.swift in Sources */ = {isa = PBXBuildFile; fileRef = 3D0886942544795300E00481 /* NewRollEntryOptionViewModel.swift */; };
		3D23F88F254F4B3300EB2169 /* ResultsLogStatsItemViewModel.swift in Sources */ = {isa = PBXBuildFile; fileRef = 3D23F88E254F4B3300EB2169 /* ResultsLogStatsItemViewModel.swift */; };
		3D23F893254F4FA200EB2169 /* CGRect.swift in Sources */ = {isa = PBXBuildFile; fileRef = 3D23F892254F4FA200EB2169 /* CGRect.swift */; };
		3D41424425447D3400E44EF9 /* DiceRollingRepositoryProtocol.swift in Sources */ = {isa = PBXBuildFile; fileRef = 3D41424325447D3400E44EF9 /* DiceRollingRepositoryProtocol.swift */; };
		3D41424725447D4200E44EF9 /* DiceRollingResult.swift in Sources */ = {isa = PBXBuildFile; fileRef = 3D41424625447D4200E44EF9 /* DiceRollingResult.swift */; };
		3D41424D254483EA00E44EF9 /* InMemoryDiceRollingRepository.swift in Sources */ = {isa = PBXBuildFile; fileRef = 3D41424C254483EA00E44EF9 /* InMemoryDiceRollingRepository.swift */; };
		3D41425B254484E700E44EF9 /* InstantiableFromStoryboard.swift in Sources */ = {isa = PBXBuildFile; fileRef = 3D41425A254484E700E44EF9 /* InstantiableFromStoryboard.swift */; };
		3D4142612544855100E44EF9 /* AppStoryboard.swift in Sources */ = {isa = PBXBuildFile; fileRef = 3D4142602544855100E44EF9 /* AppStoryboard.swift */; };
		3D414264254485D800E44EF9 /* UIStoryboard+InstantiateViewController.swift.swift in Sources */ = {isa = PBXBuildFile; fileRef = 3D414263254485D800E44EF9 /* UIStoryboard+InstantiateViewController.swift.swift */; };
		3D414268254486CA00E44EF9 /* NewRollEntryModule.swift in Sources */ = {isa = PBXBuildFile; fileRef = 3D414267254486CA00E44EF9 /* NewRollEntryModule.swift */; };
		3D41426B2544873900E44EF9 /* NewRollEntryRouter.swift in Sources */ = {isa = PBXBuildFile; fileRef = 3D41426A2544873900E44EF9 /* NewRollEntryRouter.swift */; };
		3D41426F2544884D00E44EF9 /* NewRollEntryPresenter.swift in Sources */ = {isa = PBXBuildFile; fileRef = 3D41426E2544884D00E44EF9 /* NewRollEntryPresenter.swift */; };
		3DA8F822254382CB0060A03D /* AppDelegate.swift in Sources */ = {isa = PBXBuildFile; fileRef = 3DA8F821254382CB0060A03D /* AppDelegate.swift */; };
		3DA8F824254382CB0060A03D /* SceneDelegate.swift in Sources */ = {isa = PBXBuildFile; fileRef = 3DA8F823254382CB0060A03D /* SceneDelegate.swift */; };
		3DA8F826254382CB0060A03D /* ViewController.swift in Sources */ = {isa = PBXBuildFile; fileRef = 3DA8F825254382CB0060A03D /* ViewController.swift */; };
		3DA8F829254382CB0060A03D /* Main.storyboard in Resources */ = {isa = PBXBuildFile; fileRef = 3DA8F827254382CB0060A03D /* Main.storyboard */; };
		3DA8F82B254382CC0060A03D /* Assets.xcassets in Resources */ = {isa = PBXBuildFile; fileRef = 3DA8F82A254382CC0060A03D /* Assets.xcassets */; };
		3DA8F82E254382CC0060A03D /* LaunchScreen.storyboard in Resources */ = {isa = PBXBuildFile; fileRef = 3DA8F82C254382CC0060A03D /* LaunchScreen.storyboard */; };
		3DA8F83A254383D20060A03D /* MainTabsViewController.swift in Sources */ = {isa = PBXBuildFile; fileRef = 3DA8F839254383D20060A03D /* MainTabsViewController.swift */; };
		3DA8F83D254384BC0060A03D /* NewRollEntry.storyboard in Resources */ = {isa = PBXBuildFile; fileRef = 3DA8F83C254384BC0060A03D /* NewRollEntry.storyboard */; };
		3DA8F840254384D70060A03D /* NewRollEntryViewController.swift in Sources */ = {isa = PBXBuildFile; fileRef = 3DA8F83F254384D70060A03D /* NewRollEntryViewController.swift */; };
		3DA8F844254386150060A03D /* NewRollEntryCell.swift in Sources */ = {isa = PBXBuildFile; fileRef = 3DA8F843254386150060A03D /* NewRollEntryCell.swift */; };
		3DB1AA332544FCAD008D43E4 /* WVCheckMark.swift in Sources */ = {isa = PBXBuildFile; fileRef = 3DB1AA322544FCAD008D43E4 /* WVCheckMark.swift */; };
		3DB1AA3C254504A7008D43E4 /* ResultsLogListViewController.swift in Sources */ = {isa = PBXBuildFile; fileRef = 3DB1AA3B254504A7008D43E4 /* ResultsLogListViewController.swift */; };
		3DB1AA40254504B0008D43E4 /* ResultsLog.storyboard in Resources */ = {isa = PBXBuildFile; fileRef = 3DB1AA3F254504B0008D43E4 /* ResultsLog.storyboard */; };
		3DB1AA43254504BC008D43E4 /* ResultsLogModule.swift in Sources */ = {isa = PBXBuildFile; fileRef = 3DB1AA42254504BC008D43E4 /* ResultsLogModule.swift */; };
		3DB1AA4625450BB7008D43E4 /* ResultsLogListItemViewModel.swift in Sources */ = {isa = PBXBuildFile; fileRef = 3DB1AA4525450BB7008D43E4 /* ResultsLogListItemViewModel.swift */; };
		3DB1AA4A25450C61008D43E4 /* ResultsLogRepositoryProtocol.swift in Sources */ = {isa = PBXBuildFile; fileRef = 3DB1AA4925450C61008D43E4 /* ResultsLogRepositoryProtocol.swift */; };
		3DB1AA4E25450CCA008D43E4 /* InMemoryResultsLogRepository.swift in Sources */ = {isa = PBXBuildFile; fileRef = 3DB1AA4D25450CCA008D43E4 /* InMemoryResultsLogRepository.swift */; };
		3DB1AA5125450DA4008D43E4 /* ResultsLogListPresenter.swift in Sources */ = {isa = PBXBuildFile; fileRef = 3DB1AA5025450DA4008D43E4 /* ResultsLogListPresenter.swift */; };
		3DB1AA5425450DFB008D43E4 /* ResultsLogRouter.swift in Sources */ = {isa = PBXBuildFile; fileRef = 3DB1AA5325450DFB008D43E4 /* ResultsLogRouter.swift */; };
		3DD5D1D62546567800B945C4 /* ResultsLogStatsViewController.swift in Sources */ = {isa = PBXBuildFile; fileRef = 3DD5D1D52546567800B945C4 /* ResultsLogStatsViewController.swift */; };
		3DD5D1DA2546571500B945C4 /* ResultsLogStatsItemCell.swift in Sources */ = {isa = PBXBuildFile; fileRef = 3DD5D1D92546571500B945C4 /* ResultsLogStatsItemCell.swift */; };
		3DF33F83254F52BE000745A9 /* UIColor.swift in Sources */ = {isa = PBXBuildFile; fileRef = 3DF33F82254F52BE000745A9 /* UIColor.swift */; };
		3DF33F87254F563E000745A9 /* ResultsLogStatsHeaderCell.swift in Sources */ = {isa = PBXBuildFile; fileRef = 3DF33F86254F563E000745A9 /* ResultsLogStatsHeaderCell.swift */; };
		3DF33F8A254F5AA3000745A9 /* ResultsLogStatsPresenter.swift in Sources */ = {isa = PBXBuildFile; fileRef = 3DF33F89254F5AA3000745A9 /* ResultsLogStatsPresenter.swift */; };
		3DF33F8D254F5C19000745A9 /* DiceRollingResultStatistics.swift in Sources */ = {isa = PBXBuildFile; fileRef = 3DF33F8C254F5C19000745A9 /* DiceRollingResultStatistics.swift */; };
		3DF33F91254F68BD000745A9 /* ResultsLogListHeaderCell.swift in Sources */ = {isa = PBXBuildFile; fileRef = 3DF33F90254F68BD000745A9 /* ResultsLogListHeaderCell.swift */; };
		3DF33F94254F68C9000745A9 /* ResultsLogListItemCell.swift in Sources */ = {isa = PBXBuildFile; fileRef = 3DF33F93254F68C9000745A9 /* ResultsLogListItemCell.swift */; };
/* End PBXBuildFile section */

/* Begin PBXFileReference section */
		3D0886942544795300E00481 /* NewRollEntryOptionViewModel.swift */ = {isa = PBXFileReference; lastKnownFileType = sourcecode.swift; path = NewRollEntryOptionViewModel.swift; sourceTree = "<group>"; };
		3D23F88E254F4B3300EB2169 /* ResultsLogStatsItemViewModel.swift */ = {isa = PBXFileReference; lastKnownFileType = sourcecode.swift; path = ResultsLogStatsItemViewModel.swift; sourceTree = "<group>"; };
		3D23F892254F4FA200EB2169 /* CGRect.swift */ = {isa = PBXFileReference; lastKnownFileType = sourcecode.swift; path = CGRect.swift; sourceTree = "<group>"; };
		3D41424325447D3400E44EF9 /* DiceRollingRepositoryProtocol.swift */ = {isa = PBXFileReference; lastKnownFileType = sourcecode.swift; path = DiceRollingRepositoryProtocol.swift; sourceTree = "<group>"; };
		3D41424625447D4200E44EF9 /* DiceRollingResult.swift */ = {isa = PBXFileReference; lastKnownFileType = sourcecode.swift; path = DiceRollingResult.swift; sourceTree = "<group>"; };
		3D41424C254483EA00E44EF9 /* InMemoryDiceRollingRepository.swift */ = {isa = PBXFileReference; lastKnownFileType = sourcecode.swift; path = InMemoryDiceRollingRepository.swift; sourceTree = "<group>"; };
		3D41425A254484E700E44EF9 /* InstantiableFromStoryboard.swift */ = {isa = PBXFileReference; lastKnownFileType = sourcecode.swift; path = InstantiableFromStoryboard.swift; sourceTree = "<group>"; };
		3D4142602544855100E44EF9 /* AppStoryboard.swift */ = {isa = PBXFileReference; lastKnownFileType = sourcecode.swift; path = AppStoryboard.swift; sourceTree = "<group>"; };
		3D414263254485D800E44EF9 /* UIStoryboard+InstantiateViewController.swift.swift */ = {isa = PBXFileReference; lastKnownFileType = sourcecode.swift; path = "UIStoryboard+InstantiateViewController.swift.swift"; sourceTree = "<group>"; };
		3D414267254486CA00E44EF9 /* NewRollEntryModule.swift */ = {isa = PBXFileReference; lastKnownFileType = sourcecode.swift; path = NewRollEntryModule.swift; sourceTree = "<group>"; };
		3D41426A2544873900E44EF9 /* NewRollEntryRouter.swift */ = {isa = PBXFileReference; lastKnownFileType = sourcecode.swift; path = NewRollEntryRouter.swift; sourceTree = "<group>"; };
		3D41426E2544884D00E44EF9 /* NewRollEntryPresenter.swift */ = {isa = PBXFileReference; lastKnownFileType = sourcecode.swift; path = NewRollEntryPresenter.swift; sourceTree = "<group>"; };
		3DA8F81E254382CB0060A03D /* GastuDiceLog.app */ = {isa = PBXFileReference; explicitFileType = wrapper.application; includeInIndex = 0; path = GastuDiceLog.app; sourceTree = BUILT_PRODUCTS_DIR; };
		3DA8F821254382CB0060A03D /* AppDelegate.swift */ = {isa = PBXFileReference; lastKnownFileType = sourcecode.swift; path = AppDelegate.swift; sourceTree = "<group>"; };
		3DA8F823254382CB0060A03D /* SceneDelegate.swift */ = {isa = PBXFileReference; lastKnownFileType = sourcecode.swift; path = SceneDelegate.swift; sourceTree = "<group>"; };
		3DA8F825254382CB0060A03D /* ViewController.swift */ = {isa = PBXFileReference; lastKnownFileType = sourcecode.swift; path = ViewController.swift; sourceTree = "<group>"; };
		3DA8F828254382CB0060A03D /* Base */ = {isa = PBXFileReference; lastKnownFileType = file.storyboard; name = Base; path = Base.lproj/Main.storyboard; sourceTree = "<group>"; };
		3DA8F82A254382CC0060A03D /* Assets.xcassets */ = {isa = PBXFileReference; lastKnownFileType = folder.assetcatalog; path = Assets.xcassets; sourceTree = "<group>"; };
		3DA8F82D254382CC0060A03D /* Base */ = {isa = PBXFileReference; lastKnownFileType = file.storyboard; name = Base; path = Base.lproj/LaunchScreen.storyboard; sourceTree = "<group>"; };
		3DA8F82F254382CC0060A03D /* Info.plist */ = {isa = PBXFileReference; lastKnownFileType = text.plist.xml; path = Info.plist; sourceTree = "<group>"; };
		3DA8F839254383D20060A03D /* MainTabsViewController.swift */ = {isa = PBXFileReference; lastKnownFileType = sourcecode.swift; path = MainTabsViewController.swift; sourceTree = "<group>"; };
		3DA8F83C254384BC0060A03D /* NewRollEntry.storyboard */ = {isa = PBXFileReference; lastKnownFileType = file.storyboard; path = NewRollEntry.storyboard; sourceTree = "<group>"; };
		3DA8F83F254384D70060A03D /* NewRollEntryViewController.swift */ = {isa = PBXFileReference; lastKnownFileType = sourcecode.swift; path = NewRollEntryViewController.swift; sourceTree = "<group>"; };
		3DA8F843254386150060A03D /* NewRollEntryCell.swift */ = {isa = PBXFileReference; lastKnownFileType = sourcecode.swift; path = NewRollEntryCell.swift; sourceTree = "<group>"; };
		3DB1AA322544FCAD008D43E4 /* WVCheckMark.swift */ = {isa = PBXFileReference; lastKnownFileType = sourcecode.swift; path = WVCheckMark.swift; sourceTree = "<group>"; };
		3DB1AA3B254504A7008D43E4 /* ResultsLogListViewController.swift */ = {isa = PBXFileReference; lastKnownFileType = sourcecode.swift; path = ResultsLogListViewController.swift; sourceTree = "<group>"; };
		3DB1AA3F254504B0008D43E4 /* ResultsLog.storyboard */ = {isa = PBXFileReference; lastKnownFileType = file.storyboard; path = ResultsLog.storyboard; sourceTree = "<group>"; };
		3DB1AA42254504BC008D43E4 /* ResultsLogModule.swift */ = {isa = PBXFileReference; lastKnownFileType = sourcecode.swift; path = ResultsLogModule.swift; sourceTree = "<group>"; };
		3DB1AA4525450BB7008D43E4 /* ResultsLogListItemViewModel.swift */ = {isa = PBXFileReference; lastKnownFileType = sourcecode.swift; path = ResultsLogListItemViewModel.swift; sourceTree = "<group>"; };
		3DB1AA4925450C61008D43E4 /* ResultsLogRepositoryProtocol.swift */ = {isa = PBXFileReference; lastKnownFileType = sourcecode.swift; path = ResultsLogRepositoryProtocol.swift; sourceTree = "<group>"; };
		3DB1AA4D25450CCA008D43E4 /* InMemoryResultsLogRepository.swift */ = {isa = PBXFileReference; lastKnownFileType = sourcecode.swift; path = InMemoryResultsLogRepository.swift; sourceTree = "<group>"; };
		3DB1AA5025450DA4008D43E4 /* ResultsLogListPresenter.swift */ = {isa = PBXFileReference; lastKnownFileType = sourcecode.swift; path = ResultsLogListPresenter.swift; sourceTree = "<group>"; };
		3DB1AA5325450DFB008D43E4 /* ResultsLogRouter.swift */ = {isa = PBXFileReference; lastKnownFileType = sourcecode.swift; path = ResultsLogRouter.swift; sourceTree = "<group>"; };
		3DD5D1D52546567800B945C4 /* ResultsLogStatsViewController.swift */ = {isa = PBXFileReference; lastKnownFileType = sourcecode.swift; path = ResultsLogStatsViewController.swift; sourceTree = "<group>"; };
		3DD5D1D92546571500B945C4 /* ResultsLogStatsItemCell.swift */ = {isa = PBXFileReference; lastKnownFileType = sourcecode.swift; path = ResultsLogStatsItemCell.swift; sourceTree = "<group>"; };
		3DF33F82254F52BE000745A9 /* UIColor.swift */ = {isa = PBXFileReference; lastKnownFileType = sourcecode.swift; path = UIColor.swift; sourceTree = "<group>"; };
		3DF33F86254F563E000745A9 /* ResultsLogStatsHeaderCell.swift */ = {isa = PBXFileReference; lastKnownFileType = sourcecode.swift; path = ResultsLogStatsHeaderCell.swift; sourceTree = "<group>"; };
		3DF33F89254F5AA3000745A9 /* ResultsLogStatsPresenter.swift */ = {isa = PBXFileReference; lastKnownFileType = sourcecode.swift; path = ResultsLogStatsPresenter.swift; sourceTree = "<group>"; };
		3DF33F8C254F5C19000745A9 /* DiceRollingResultStatistics.swift */ = {isa = PBXFileReference; lastKnownFileType = sourcecode.swift; path = DiceRollingResultStatistics.swift; sourceTree = "<group>"; };
		3DF33F90254F68BD000745A9 /* ResultsLogListHeaderCell.swift */ = {isa = PBXFileReference; lastKnownFileType = sourcecode.swift; path = ResultsLogListHeaderCell.swift; sourceTree = "<group>"; };
		3DF33F93254F68C9000745A9 /* ResultsLogListItemCell.swift */ = {isa = PBXFileReference; lastKnownFileType = sourcecode.swift; path = ResultsLogListItemCell.swift; sourceTree = "<group>"; };
/* End PBXFileReference section */

/* Begin PBXFrameworksBuildPhase section */
		3DA8F81B254382CB0060A03D /* Frameworks */ = {
			isa = PBXFrameworksBuildPhase;
			buildActionMask = 2147483647;
			files = (
			);
			runOnlyForDeploymentPostprocessing = 0;
		};
/* End PBXFrameworksBuildPhase section */

/* Begin PBXGroup section */
		3D0886912544789100E00481 /* Modules */ = {
			isa = PBXGroup;
			children = (
				3DB1AA3A25450489008D43E4 /* ResultsLog */,
				3D0886922544789800E00481 /* NewRollEntry */,
			);
			path = Modules;
			sourceTree = "<group>";
		};
		3D0886922544789800E00481 /* NewRollEntry */ = {
			isa = PBXGroup;
			children = (
				3DA8F83C254384BC0060A03D /* NewRollEntry.storyboard */,
				3DA8F843254386150060A03D /* NewRollEntryCell.swift */,
				3D414267254486CA00E44EF9 /* NewRollEntryModule.swift */,
				3D0886942544795300E00481 /* NewRollEntryOptionViewModel.swift */,
				3DA8F83F254384D70060A03D /* NewRollEntryViewController.swift */,
				3D41426A2544873900E44EF9 /* NewRollEntryRouter.swift */,
				3D41426E2544884D00E44EF9 /* NewRollEntryPresenter.swift */,
			);
			path = NewRollEntry;
			sourceTree = "<group>";
		};
		3D23F891254F4F7700EB2169 /* Extensions */ = {
			isa = PBXGroup;
			children = (
				3D23F896254F4FB400EB2169 /* UIKit */,
			);
			path = Extensions;
			sourceTree = "<group>";
		};
		3D23F896254F4FB400EB2169 /* UIKit */ = {
			isa = PBXGroup;
			children = (
				3D23F892254F4FA200EB2169 /* CGRect.swift */,
				3DF33F82254F52BE000745A9 /* UIColor.swift */,
			);
			path = UIKit;
			sourceTree = "<group>";
		};
		3D41424025447CE500E44EF9 /* Models */ = {
			isa = PBXGroup;
			children = (
				3D41424625447D4200E44EF9 /* DiceRollingResult.swift */,
				3DF33F8C254F5C19000745A9 /* DiceRollingResultStatistics.swift */,
			);
			path = Models;
			sourceTree = "<group>";
		};
		3D41424125447CE900E44EF9 /* Repositories */ = {
			isa = PBXGroup;
			children = (
				3DB1AA4825450C40008D43E4 /* ResultsLog */,
				3D41424225447CF400E44EF9 /* DiceRolling */,
			);
			path = Repositories;
			sourceTree = "<group>";
		};
		3D41424225447CF400E44EF9 /* DiceRolling */ = {
			isa = PBXGroup;
			children = (
				3D41424325447D3400E44EF9 /* DiceRollingRepositoryProtocol.swift */,
				3D41424C254483EA00E44EF9 /* InMemoryDiceRollingRepository.swift */,
			);
			path = DiceRolling;
			sourceTree = "<group>";
		};
		3D414259254484DC00E44EF9 /* Utilities */ = {
			isa = PBXGroup;
			children = (
				3D41425F2544854600E44EF9 /* InstantiableFromStoryboard */,
			);
			path = Utilities;
			sourceTree = "<group>";
		};
		3D41425F2544854600E44EF9 /* InstantiableFromStoryboard */ = {
			isa = PBXGroup;
			children = (
				3D4142602544855100E44EF9 /* AppStoryboard.swift */,
				3D41425A254484E700E44EF9 /* InstantiableFromStoryboard.swift */,
				3D414263254485D800E44EF9 /* UIStoryboard+InstantiateViewController.swift.swift */,
			);
			path = InstantiableFromStoryboard;
			sourceTree = "<group>";
		};
		3DA8F815254382CB0060A03D = {
			isa = PBXGroup;
			children = (
				3DA8F820254382CB0060A03D /* GastuDiceLog */,
				3DA8F81F254382CB0060A03D /* Products */,
			);
			sourceTree = "<group>";
		};
		3DA8F81F254382CB0060A03D /* Products */ = {
			isa = PBXGroup;
			children = (
				3DA8F81E254382CB0060A03D /* GastuDiceLog.app */,
			);
			name = Products;
			sourceTree = "<group>";
		};
		3DA8F820254382CB0060A03D /* GastuDiceLog */ = {
			isa = PBXGroup;
			children = (
				3D23F891254F4F7700EB2169 /* Extensions */,
				3DB1AA312544FCA2008D43E4 /* Vendor */,
				3D414259254484DC00E44EF9 /* Utilities */,
				3D41424125447CE900E44EF9 /* Repositories */,
				3D41424025447CE500E44EF9 /* Models */,
				3D0886912544789100E00481 /* Modules */,
				3DA8F821254382CB0060A03D /* AppDelegate.swift */,
				3DA8F823254382CB0060A03D /* SceneDelegate.swift */,
				3DA8F825254382CB0060A03D /* ViewController.swift */,
				3DA8F827254382CB0060A03D /* Main.storyboard */,
				3DA8F82A254382CC0060A03D /* Assets.xcassets */,
				3DA8F82C254382CC0060A03D /* LaunchScreen.storyboard */,
				3DA8F82F254382CC0060A03D /* Info.plist */,
				3DA8F839254383D20060A03D /* MainTabsViewController.swift */,
			);
			path = GastuDiceLog;
			sourceTree = "<group>";
		};
		3DB1AA312544FCA2008D43E4 /* Vendor */ = {
			isa = PBXGroup;
			children = (
				3DB1AA322544FCAD008D43E4 /* WVCheckMark.swift */,
			);
			path = Vendor;
			sourceTree = "<group>";
		};
		3DB1AA3A25450489008D43E4 /* ResultsLog */ = {
			isa = PBXGroup;
			children = (
				3DD5D1D42546566000B945C4 /* LogStats */,
				3DD5D1D22546564B00B945C4 /* LogList */,
				3DB1AA3F254504B0008D43E4 /* ResultsLog.storyboard */,
				3DB1AA42254504BC008D43E4 /* ResultsLogModule.swift */,
				3DB1AA5325450DFB008D43E4 /* ResultsLogRouter.swift */,
			);
			path = ResultsLog;
			sourceTree = "<group>";
		};
		3DB1AA4825450C40008D43E4 /* ResultsLog */ = {
			isa = PBXGroup;
			children = (
				3DB1AA4925450C61008D43E4 /* ResultsLogRepositoryProtocol.swift */,
				3DB1AA4D25450CCA008D43E4 /* InMemoryResultsLogRepository.swift */,
			);
			path = ResultsLog;
			sourceTree = "<group>";
		};
		3DD5D1D22546564B00B945C4 /* LogList */ = {
			isa = PBXGroup;
			children = (
				3DB1AA3B254504A7008D43E4 /* ResultsLogListViewController.swift */,
				3DB1AA4525450BB7008D43E4 /* ResultsLogListItemViewModel.swift */,
				3DB1AA5025450DA4008D43E4 /* ResultsLogListPresenter.swift */,
				3DF33F90254F68BD000745A9 /* ResultsLogListHeaderCell.swift */,
				3DF33F93254F68C9000745A9 /* ResultsLogListItemCell.swift */,
			);
			path = LogList;
			sourceTree = "<group>";
		};
		3DD5D1D42546566000B945C4 /* LogStats */ = {
			isa = PBXGroup;
			children = (
				3DD5D1D52546567800B945C4 /* ResultsLogStatsViewController.swift */,
				3DD5D1D92546571500B945C4 /* ResultsLogStatsItemCell.swift */,
				3D23F88E254F4B3300EB2169 /* ResultsLogStatsItemViewModel.swift */,
				3DF33F86254F563E000745A9 /* ResultsLogStatsHeaderCell.swift */,
				3DF33F89254F5AA3000745A9 /* ResultsLogStatsPresenter.swift */,
			);
			path = LogStats;
			sourceTree = "<group>";
		};
/* End PBXGroup section */

/* Begin PBXNativeTarget section */
		3DA8F81D254382CB0060A03D /* GastuDiceLog */ = {
			isa = PBXNativeTarget;
			buildConfigurationList = 3DA8F832254382CC0060A03D /* Build configuration list for PBXNativeTarget "GastuDiceLog" */;
			buildPhases = (
				3DA8F81A254382CB0060A03D /* Sources */,
				3DA8F81B254382CB0060A03D /* Frameworks */,
				3DA8F81C254382CB0060A03D /* Resources */,
			);
			buildRules = (
			);
			dependencies = (
			);
			name = GastuDiceLog;
			productName = GastuDiceLog;
			productReference = 3DA8F81E254382CB0060A03D /* GastuDiceLog.app */;
			productType = "com.apple.product-type.application";
		};
/* End PBXNativeTarget section */

/* Begin PBXProject section */
		3DA8F816254382CB0060A03D /* Project object */ = {
			isa = PBXProject;
			attributes = {
				LastSwiftUpdateCheck = 1200;
				LastUpgradeCheck = 1200;
				TargetAttributes = {
					3DA8F81D254382CB0060A03D = {
						CreatedOnToolsVersion = 12.0.1;
					};
				};
			};
			buildConfigurationList = 3DA8F819254382CB0060A03D /* Build configuration list for PBXProject "GastuDiceLog" */;
			compatibilityVersion = "Xcode 9.3";
			developmentRegion = en;
			hasScannedForEncodings = 0;
			knownRegions = (
				en,
				Base,
			);
			mainGroup = 3DA8F815254382CB0060A03D;
			productRefGroup = 3DA8F81F254382CB0060A03D /* Products */;
			projectDirPath = "";
			projectRoot = "";
			targets = (
				3DA8F81D254382CB0060A03D /* GastuDiceLog */,
			);
		};
/* End PBXProject section */

/* Begin PBXResourcesBuildPhase section */
		3DA8F81C254382CB0060A03D /* Resources */ = {
			isa = PBXResourcesBuildPhase;
			buildActionMask = 2147483647;
			files = (
				3DA8F82E254382CC0060A03D /* LaunchScreen.storyboard in Resources */,
				3DA8F82B254382CC0060A03D /* Assets.xcassets in Resources */,
				3DB1AA40254504B0008D43E4 /* ResultsLog.storyboard in Resources */,
				3DA8F829254382CB0060A03D /* Main.storyboard in Resources */,
				3DA8F83D254384BC0060A03D /* NewRollEntry.storyboard in Resources */,
			);
			runOnlyForDeploymentPostprocessing = 0;
		};
/* End PBXResourcesBuildPhase section */

/* Begin PBXSourcesBuildPhase section */
		3DA8F81A254382CB0060A03D /* Sources */ = {
			isa = PBXSourcesBuildPhase;
			buildActionMask = 2147483647;
			files = (
				3D414264254485D800E44EF9 /* UIStoryboard+InstantiateViewController.swift.swift in Sources */,
				3DB1AA4625450BB7008D43E4 /* ResultsLogListItemViewModel.swift in Sources */,
				3D41424725447D4200E44EF9 /* DiceRollingResult.swift in Sources */,
				3D414268254486CA00E44EF9 /* NewRollEntryModule.swift in Sources */,
				3DF33F83254F52BE000745A9 /* UIColor.swift in Sources */,
				3DD5D1D62546567800B945C4 /* ResultsLogStatsViewController.swift in Sources */,
				3DD5D1DA2546571500B945C4 /* ResultsLogStatsItemCell.swift in Sources */,
				3D41426F2544884D00E44EF9 /* NewRollEntryPresenter.swift in Sources */,
				3DB1AA3C254504A7008D43E4 /* ResultsLogListViewController.swift in Sources */,
				3DB1AA5425450DFB008D43E4 /* ResultsLogRouter.swift in Sources */,
				3D0886952544795300E00481 /* NewRollEntryOptionViewModel.swift in Sources */,
				3DB1AA4A25450C61008D43E4 /* ResultsLogRepositoryProtocol.swift in Sources */,
				3DB1AA43254504BC008D43E4 /* ResultsLogModule.swift in Sources */,
				3DA8F826254382CB0060A03D /* ViewController.swift in Sources */,
				3D41426B2544873900E44EF9 /* NewRollEntryRouter.swift in Sources */,
				3DA8F83A254383D20060A03D /* MainTabsViewController.swift in Sources */,
				3D4142612544855100E44EF9 /* AppStoryboard.swift in Sources */,
				3DB1AA5125450DA4008D43E4 /* ResultsLogListPresenter.swift in Sources */,
				3DF33F91254F68BD000745A9 /* ResultsLogListHeaderCell.swift in Sources */,
				3DB1AA4E25450CCA008D43E4 /* InMemoryResultsLogRepository.swift in Sources */,
				3DA8F844254386150060A03D /* NewRollEntryCell.swift in Sources */,
				3DA8F822254382CB0060A03D /* AppDelegate.swift in Sources */,
				3DA8F824254382CB0060A03D /* SceneDelegate.swift in Sources */,
				3DF33F94254F68C9000745A9 /* ResultsLogListItemCell.swift in Sources */,
				3DF33F8D254F5C19000745A9 /* DiceRollingResultStatistics.swift in Sources */,
				3DF33F8A254F5AA3000745A9 /* ResultsLogStatsPresenter.swift in Sources */,
				3DB1AA332544FCAD008D43E4 /* WVCheckMark.swift in Sources */,
				3D23F88F254F4B3300EB2169 /* ResultsLogStatsItemViewModel.swift in Sources */,
				3DA8F840254384D70060A03D /* NewRollEntryViewController.swift in Sources */,
				3D41425B254484E700E44EF9 /* InstantiableFromStoryboard.swift in Sources */,
				3DF33F87254F563E000745A9 /* ResultsLogStatsHeaderCell.swift in Sources */,
				3D41424D254483EA00E44EF9 /* InMemoryDiceRollingRepository.swift in Sources */,
				3D41424425447D3400E44EF9 /* DiceRollingRepositoryProtocol.swift in Sources */,
				3D23F893254F4FA200EB2169 /* CGRect.swift in Sources */,
			);
			runOnlyForDeploymentPostprocessing = 0;
		};
/* End PBXSourcesBuildPhase section */

/* Begin PBXVariantGroup section */
		3DA8F827254382CB0060A03D /* Main.storyboard */ = {
			isa = PBXVariantGroup;
			children = (
				3DA8F828254382CB0060A03D /* Base */,
			);
			name = Main.storyboard;
			sourceTree = "<group>";
		};
		3DA8F82C254382CC0060A03D /* LaunchScreen.storyboard */ = {
			isa = PBXVariantGroup;
			children = (
				3DA8F82D254382CC0060A03D /* Base */,
			);
			name = LaunchScreen.storyboard;
			sourceTree = "<group>";
		};
/* End PBXVariantGroup section */

/* Begin XCBuildConfiguration section */
		3DA8F830254382CC0060A03D /* Debug */ = {
			isa = XCBuildConfiguration;
			buildSettings = {
				ALWAYS_SEARCH_USER_PATHS = NO;
				CLANG_ANALYZER_NONNULL = YES;
				CLANG_ANALYZER_NUMBER_OBJECT_CONVERSION = YES_AGGRESSIVE;
				CLANG_CXX_LANGUAGE_STANDARD = "gnu++14";
				CLANG_CXX_LIBRARY = "libc++";
				CLANG_ENABLE_MODULES = YES;
				CLANG_ENABLE_OBJC_ARC = YES;
				CLANG_ENABLE_OBJC_WEAK = YES;
				CLANG_WARN_BLOCK_CAPTURE_AUTORELEASING = YES;
				CLANG_WARN_BOOL_CONVERSION = YES;
				CLANG_WARN_COMMA = YES;
				CLANG_WARN_CONSTANT_CONVERSION = YES;
				CLANG_WARN_DEPRECATED_OBJC_IMPLEMENTATIONS = YES;
				CLANG_WARN_DIRECT_OBJC_ISA_USAGE = YES_ERROR;
				CLANG_WARN_DOCUMENTATION_COMMENTS = YES;
				CLANG_WARN_EMPTY_BODY = YES;
				CLANG_WARN_ENUM_CONVERSION = YES;
				CLANG_WARN_INFINITE_RECURSION = YES;
				CLANG_WARN_INT_CONVERSION = YES;
				CLANG_WARN_NON_LITERAL_NULL_CONVERSION = YES;
				CLANG_WARN_OBJC_IMPLICIT_RETAIN_SELF = YES;
				CLANG_WARN_OBJC_LITERAL_CONVERSION = YES;
				CLANG_WARN_OBJC_ROOT_CLASS = YES_ERROR;
				CLANG_WARN_QUOTED_INCLUDE_IN_FRAMEWORK_HEADER = YES;
				CLANG_WARN_RANGE_LOOP_ANALYSIS = YES;
				CLANG_WARN_STRICT_PROTOTYPES = YES;
				CLANG_WARN_SUSPICIOUS_MOVE = YES;
				CLANG_WARN_UNGUARDED_AVAILABILITY = YES_AGGRESSIVE;
				CLANG_WARN_UNREACHABLE_CODE = YES;
				CLANG_WARN__DUPLICATE_METHOD_MATCH = YES;
				COPY_PHASE_STRIP = NO;
				DEBUG_INFORMATION_FORMAT = dwarf;
				ENABLE_STRICT_OBJC_MSGSEND = YES;
				ENABLE_TESTABILITY = YES;
				GCC_C_LANGUAGE_STANDARD = gnu11;
				GCC_DYNAMIC_NO_PIC = NO;
				GCC_NO_COMMON_BLOCKS = YES;
				GCC_OPTIMIZATION_LEVEL = 0;
				GCC_PREPROCESSOR_DEFINITIONS = (
					"DEBUG=1",
					"$(inherited)",
				);
				GCC_WARN_64_TO_32_BIT_CONVERSION = YES;
				GCC_WARN_ABOUT_RETURN_TYPE = YES_ERROR;
				GCC_WARN_UNDECLARED_SELECTOR = YES;
				GCC_WARN_UNINITIALIZED_AUTOS = YES_AGGRESSIVE;
				GCC_WARN_UNUSED_FUNCTION = YES;
				GCC_WARN_UNUSED_VARIABLE = YES;
				IPHONEOS_DEPLOYMENT_TARGET = 14.0;
				MTL_ENABLE_DEBUG_INFO = INCLUDE_SOURCE;
				MTL_FAST_MATH = YES;
				ONLY_ACTIVE_ARCH = YES;
				SDKROOT = iphoneos;
				SWIFT_ACTIVE_COMPILATION_CONDITIONS = DEBUG;
				SWIFT_OPTIMIZATION_LEVEL = "-Onone";
			};
			name = Debug;
		};
		3DA8F831254382CC0060A03D /* Release */ = {
			isa = XCBuildConfiguration;
			buildSettings = {
				ALWAYS_SEARCH_USER_PATHS = NO;
				CLANG_ANALYZER_NONNULL = YES;
				CLANG_ANALYZER_NUMBER_OBJECT_CONVERSION = YES_AGGRESSIVE;
				CLANG_CXX_LANGUAGE_STANDARD = "gnu++14";
				CLANG_CXX_LIBRARY = "libc++";
				CLANG_ENABLE_MODULES = YES;
				CLANG_ENABLE_OBJC_ARC = YES;
				CLANG_ENABLE_OBJC_WEAK = YES;
				CLANG_WARN_BLOCK_CAPTURE_AUTORELEASING = YES;
				CLANG_WARN_BOOL_CONVERSION = YES;
				CLANG_WARN_COMMA = YES;
				CLANG_WARN_CONSTANT_CONVERSION = YES;
				CLANG_WARN_DEPRECATED_OBJC_IMPLEMENTATIONS = YES;
				CLANG_WARN_DIRECT_OBJC_ISA_USAGE = YES_ERROR;
				CLANG_WARN_DOCUMENTATION_COMMENTS = YES;
				CLANG_WARN_EMPTY_BODY = YES;
				CLANG_WARN_ENUM_CONVERSION = YES;
				CLANG_WARN_INFINITE_RECURSION = YES;
				CLANG_WARN_INT_CONVERSION = YES;
				CLANG_WARN_NON_LITERAL_NULL_CONVERSION = YES;
				CLANG_WARN_OBJC_IMPLICIT_RETAIN_SELF = YES;
				CLANG_WARN_OBJC_LITERAL_CONVERSION = YES;
				CLANG_WARN_OBJC_ROOT_CLASS = YES_ERROR;
				CLANG_WARN_QUOTED_INCLUDE_IN_FRAMEWORK_HEADER = YES;
				CLANG_WARN_RANGE_LOOP_ANALYSIS = YES;
				CLANG_WARN_STRICT_PROTOTYPES = YES;
				CLANG_WARN_SUSPICIOUS_MOVE = YES;
				CLANG_WARN_UNGUARDED_AVAILABILITY = YES_AGGRESSIVE;
				CLANG_WARN_UNREACHABLE_CODE = YES;
				CLANG_WARN__DUPLICATE_METHOD_MATCH = YES;
				COPY_PHASE_STRIP = NO;
				DEBUG_INFORMATION_FORMAT = "dwarf-with-dsym";
				ENABLE_NS_ASSERTIONS = NO;
				ENABLE_STRICT_OBJC_MSGSEND = YES;
				GCC_C_LANGUAGE_STANDARD = gnu11;
				GCC_NO_COMMON_BLOCKS = YES;
				GCC_WARN_64_TO_32_BIT_CONVERSION = YES;
				GCC_WARN_ABOUT_RETURN_TYPE = YES_ERROR;
				GCC_WARN_UNDECLARED_SELECTOR = YES;
				GCC_WARN_UNINITIALIZED_AUTOS = YES_AGGRESSIVE;
				GCC_WARN_UNUSED_FUNCTION = YES;
				GCC_WARN_UNUSED_VARIABLE = YES;
				IPHONEOS_DEPLOYMENT_TARGET = 14.0;
				MTL_ENABLE_DEBUG_INFO = NO;
				MTL_FAST_MATH = YES;
				SDKROOT = iphoneos;
				SWIFT_COMPILATION_MODE = wholemodule;
				SWIFT_OPTIMIZATION_LEVEL = "-O";
				VALIDATE_PRODUCT = YES;
			};
			name = Release;
		};
		3DA8F833254382CC0060A03D /* Debug */ = {
			isa = XCBuildConfiguration;
			buildSettings = {
				ASSETCATALOG_COMPILER_APPICON_NAME = AppIcon;
				ASSETCATALOG_COMPILER_GLOBAL_ACCENT_COLOR_NAME = AccentColor;
				CODE_SIGN_STYLE = Automatic;
				DEVELOPMENT_TEAM = 26JD983RQL;
				INFOPLIST_FILE = GastuDiceLog/Info.plist;
				IPHONEOS_DEPLOYMENT_TARGET = 13.0;
				LD_RUNPATH_SEARCH_PATHS = (
					"$(inherited)",
					"@executable_path/Frameworks",
				);
				MARKETING_VERSION = 1.0.0;
				PRODUCT_BUNDLE_IDENTIFIER = ar.com.sobrevilla.GastuDiceLog;
				PRODUCT_NAME = "$(TARGET_NAME)";
				SWIFT_VERSION = 5.0;
				TARGETED_DEVICE_FAMILY = 1;
			};
			name = Debug;
		};
		3DA8F834254382CC0060A03D /* Release */ = {
			isa = XCBuildConfiguration;
			buildSettings = {
				ASSETCATALOG_COMPILER_APPICON_NAME = AppIcon;
				ASSETCATALOG_COMPILER_GLOBAL_ACCENT_COLOR_NAME = AccentColor;
				CODE_SIGN_STYLE = Automatic;
				DEVELOPMENT_TEAM = 26JD983RQL;
				INFOPLIST_FILE = GastuDiceLog/Info.plist;
				IPHONEOS_DEPLOYMENT_TARGET = 13.0;
				LD_RUNPATH_SEARCH_PATHS = (
					"$(inherited)",
					"@executable_path/Frameworks",
				);
				MARKETING_VERSION = 1.0.0;
				PRODUCT_BUNDLE_IDENTIFIER = ar.com.sobrevilla.GastuDiceLog;
				PRODUCT_NAME = "$(TARGET_NAME)";
				SWIFT_VERSION = 5.0;
				TARGETED_DEVICE_FAMILY = 1;
			};
			name = Release;
		};
/* End XCBuildConfiguration section */

/* Begin XCConfigurationList section */
		3DA8F819254382CB0060A03D /* Build configuration list for PBXProject "GastuDiceLog" */ = {
			isa = XCConfigurationList;
			buildConfigurations = (
				3DA8F830254382CC0060A03D /* Debug */,
				3DA8F831254382CC0060A03D /* Release */,
			);
			defaultConfigurationIsVisible = 0;
			defaultConfigurationName = Release;
		};
		3DA8F832254382CC0060A03D /* Build configuration list for PBXNativeTarget "GastuDiceLog" */ = {
			isa = XCConfigurationList;
			buildConfigurations = (
				3DA8F833254382CC0060A03D /* Debug */,
				3DA8F834254382CC0060A03D /* Release */,
			);
			defaultConfigurationIsVisible = 0;
			defaultConfigurationName = Release;
		};
/* End XCConfigurationList section */
	};
	rootObject = 3DA8F816254382CB0060A03D /* Project object */;
}
